{
  "name": "spike-orpc-fidelity",
  "lockfileVersion": 3,
  "requires": true,
  "packages": {
    "": {
      "name": "spike-orpc-fidelity",
      "dependencies": {
        "@orpc/client": "2.0.0-beta.26",
        "@orpc/contract": "2.0.0-beta.26",
        "@orpc/openapi": "2.0.0-beta.26",
        "@orpc/server": "2.0.0-beta.26",
        "@orpc/tanstack-query": "2.0.0-beta.26",
        "@orpc/zod": "2.0.0-beta.26",
        "hono": "4.13.1",
        "zod": "4.4.3"
      }
    },
    "node_modules/@hey-api/spec-types": {
      "version": "0.0.0-next-20260408030107",
      "resolved": "https://registry.npmjs.org/@hey-api/spec-types/-/spec-types-0.0.0-next-20260408030107.tgz",
      "integrity": "sha512-P5DKr4dpZ7lmZpZt2bc2KWuzU9vl4GZcN7VrjchZF1WWKNGZFnwWhBxZo1t6P2muOCopIvqD2Fvp5os4QiitKA==",
      "license": "MIT",
      "dependencies": {
        "@hey-api/types": "0.1.4"
      },
      "funding": {
        "url": "https://github.com/sponsors/hey-api"
      }
    },
    "node_modules/@hey-api/types": {
      "version": "0.1.4",
      "resolved": "https://registry.npmjs.org/@hey-api/types/-/types-0.1.4.tgz",
      "integrity": "sha512-thWfawrDIP7wSI9ioT13I5soaaqB5vAPIiZmgD8PbeEVKNrkonc0N/Sjj97ezl7oQgusZmaNphGdMKipPO6IBg==",
      "license": "MIT"
    },
    "node_modules/@orpc/client": {
      "version": "2.0.0-beta.26",
      "resolved": "https://registry.npmjs.org/@orpc/client/-/client-2.0.0-beta.26.tgz",
      "integrity": "sha512-TT2+S4TP/EzU19mXqzqnd938tuaOss7prtXqlowY1MZh1wxsEW6t5b+RI310yHtgLM5u/ovku26BvOpl5Fb49Q==",
      "license": "MIT",
      "dependencies": {
        "@orpc/shared": "2.0.0-beta.26",
        "@standardserver/core": "^0.7.1",
        "@standardserver/fetch": "^0.7.1",
        "@standardserver/peer": "^0.7.1"
      },
      "funding": {
        "url": "https://github.com/sponsors/dinwwwh"
      }
    },
    "node_modules/@orpc/contract": {
      "version": "2.0.0-beta.26",
      "resolved": "https://registry.npmjs.org/@orpc/contract/-/contract-2.0.0-beta.26.tgz",
      "integrity": "sha512-tTeJBN0s+weE67t6Xyjt7pCnSaytWrUase4VdyajjjtWba2wxqIwMHITyvSKohmLVwym6LYAoGLqXF4ORgwHYQ==",
      "license": "MIT",
      "dependencies": {
        "@orpc/client": "2.0.0-beta.26",
        "@orpc/shared": "2.0.0-beta.26",
        "@standard-schema/spec": "^1.1.0"
      },
      "funding": {
        "url": "https://github.com/sponsors/dinwwwh"
      }
    },
    "node_modules/@orpc/json-schema": {
      "version": "2.0.0-beta.26",
      "resolved": "https://registry.npmjs.org/@orpc/json-schema/-/json-schema-2.0.0-beta.26.tgz",
      "integrity": "sha512-BBPsT4QvfhgS9CvVV6GGhG5CFAo61fSCP7dLIRXNd9IYQib0qmW56rLJ7U0Ro5yryoO5YrSCzV0aTD6eMX/W/A==",
      "license": "MIT",
      "dependencies": {
        "@orpc/client": "2.0.0-beta.26",
        "@orpc/contract": "2.0.0-beta.26",
        "@orpc/server": "2.0.0-beta.26",
        "@orpc/shared": "2.0.0-beta.26",
        "@standard-schema/spec": "^1.1.0",
        "json-schema-typed": "^8.0.2"
      },
      "funding": {
        "url": "https://github.com/sponsors/dinwwwh"
      }
    },
    "node_modules/@orpc/openapi": {
      "version": "2.0.0-beta.26",
      "resolved": "https://registry.npmjs.org/@orpc/openapi/-/openapi-2.0.0-beta.26.tgz",
      "integrity": "sha512-em8HJFEV6apEytMnrwNKndKAA+261m82JloxY1Jz3H1HUdqq3ztH3ZRC5nGQFSFvy/QXpdrj6APdK35hDOnIkw==",
      "license": "MIT",
      "dependencies": {
        "@hey-api/spec-types": "0.0.0-next-20260408030107",
        "@orpc/client": "2.0.0-beta.26",
        "@orpc/contract": "2.0.0-beta.26",
        "@orpc/json-schema": "2.0.0-beta.26",
        "@orpc/server": "2.0.0-beta.26",
        "@orpc/shared": "2.0.0-beta.26",
        "@standardserver/core": "^0.7.1",
        "@standardserver/fetch": "^0.7.1",
        "rou3": "^0.9.1"
      },
      "funding": {
        "url": "https://github.com/sponsors/dinwwwh"
      },
      "peerDependencies": {
        "@scalar/api-reference": ">=1.57.2",
        "@types/swagger-ui": ">=5.32.0",
        "swagger-ui": ">=5.32.6"
      },
      "peerDependenciesMeta": {
        "@scalar/api-reference": {
          "optional": true
        },
        "@types/swagger-ui": {
          "optional": true
        },
        "swagger-ui": {
          "optional": true
        }
      }
    },
    "node_modules/@orpc/server": {
      "version": "2.0.0-beta.26",
      "resolved": "https://registry.npmjs.org/@orpc/server/-/server-2.0.0-beta.26.tgz",
      "integrity": "sha512-IBvwkJkCkPMxOLd2A2Js2baTXc4FE//W+wnXrMXkdNXarwjId9AJ+NJngxHitjepQKqc2fnqvWlMDvypS3WdQg==",
      "license": "MIT",
      "dependencies": {
        "@orpc/client": "2.0.0-beta.26",
        "@orpc/contract": "2.0.0-beta.26",
        "@orpc/shared": "2.0.0-beta.26",
        "@standardserver/aws-lambda": "^0.7.1",
        "@standardserver/core": "^0.7.1",
        "@standardserver/fastify": "^0.7.1",
        "@standardserver/fetch": "^0.7.1",
        "@standardserver/node": "^0.7.1",
        "@standardserver/peer": "^0.7.1",
        "cookie": "^2.0.1"
      },
      "funding": {
        "url": "https://github.com/sponsors/dinwwwh"
      },
      "peerDependencies": {
        "crossws": ">=0.3.4",
        "fastify": ">=5.6.1"
      },
      "peerDependenciesMeta": {
        "crossws": {
          "optional": true
        },
        "fastify": {
          "optional": true
        }
      }
    },
    "node_modules/@orpc/shared": {
      "version": "2.0.0-beta.26",
      "resolved": "https://registry.npmjs.org/@orpc/shared/-/shared-2.0.0-beta.26.tgz",
      "integrity": "sha512-rbzPz6fSE+5WWn1uesSnekBIy4aJFx0ocGI3EcWVAu8l0ILLjdufof6A2E9RwvRSZeEefIE9D7iadW044YCBSw==",
      "license": "MIT",
      "dependencies": {
        "@standardserver/shared": "^0.7.1",
        "radash": "^12.1.1",
        "type-fest": "^5.3.1"
      },
      "funding": {
        "url": "https://github.com/sponsors/dinwwwh"
      },
      "peerDependencies": {
        "@opentelemetry/api": ">=1.9.0"
      },
      "peerDependenciesMeta": {
        "@opentelemetry/api": {
          "optional": true
        }
      }
    },
    "node_modules/@orpc/tanstack-query": {
      "version": "2.0.0-beta.26",
      "resolved": "https://registry.npmjs.org/@orpc/tanstack-query/-/tanstack-query-2.0.0-beta.26.tgz",
      "integrity": "sha512-DsU4s801FsJykyAZ1vLjWy4qXGK+ZFEWy6YfQcIV2AZn2+5NGOWZgZ9woY1A4YK75DsABUkw7nK3zArVLYFCvg==",
      "license": "MIT",
      "dependencies": {
        "@orpc/client": "2.0.0-beta.26",
        "@orpc/contract": "2.0.0-beta.26",
        "@orpc/openapi": "2.0.0-beta.26",
        "@orpc/shared": "2.0.0-beta.26"
      },
      "funding": {
        "url": "https://github.com/sponsors/dinwwwh"
      },
      "peerDependencies": {
        "@tanstack/query-core": ">=5.80.2"
      }
    },
    "node_modules/@orpc/zod": {
      "version": "2.0.0-beta.26",
      "resolved": "https://registry.npmjs.org/@orpc/zod/-/zod-2.0.0-beta.26.tgz",
      "integrity": "sha512-NOLmnyvF5J/9twWk7ffgoHD6ObEI+Gth4VqI9M/TonpLt0pp9MWVllWuNfxvWJLOCPwfVmmD84ayU9i5TzssJQ==",
      "license": "MIT",
      "dependencies": {
        "@orpc/json-schema": "2.0.0-beta.26",
        "json-schema-typed": "^8.0.2"
      },
      "funding": {
        "url": "https://github.com/sponsors/dinwwwh"
      },
      "peerDependencies": {
        "zod": ">=4.3.5"
      }
    },
    "node_modules/@standard-schema/spec": {
      "version": "1.1.0",
      "resolved": "https://registry.npmjs.org/@standard-schema/spec/-/spec-1.1.0.tgz",
      "integrity": "sha512-l2aFy5jALhniG5HgqrD6jXLi/rUWrKvqN/qJx6yoJsgKhblVd+iqqU4RCXavm/jPityDo5TCvKMnpjKnOriy0w==",
      "license": "MIT"
    },
    "node_modules/@standardserver/aws-lambda": {
      "version": "0.7.1",
      "resolved": "https://registry.npmjs.org/@standardserver/aws-lambda/-/aws-lambda-0.7.1.tgz",
      "integrity": "sha512-fuwAx2M2O5Bnjk2JdFrtEQALmBwVtnn4jKApzFVmlIivWA7EGMj5kOzCNaJizxCQXlhPmC+doDHqf/H7FKMaNA==",
      "license": "MIT",
      "dependencies": {
        "@standardserver/core": "0.7.1",
        "@standardserver/fetch": "0.7.1",
        "@standardserver/node": "0.7.1",
        "@standardserver/shared": "0.7.1"
      }
    },
    "node_modules/@standardserver/core": {
      "version": "0.7.1",
      "resolved": "https://registry.npmjs.org/@standardserver/core/-/core-0.7.1.tgz",
      "integrity": "sha512-ZMoFDR92p9HnaI6vXK1iNFKXyLK8/6r3D4EJUM+SqeyReUH3OEJO4CZKU8BfXyzAV1A6Nsa7y2dGqDOYqH5LlQ==",
      "license": "MIT",
      "dependencies": {
        "@standardserver/shared": "0.7.1"
      }
    },
    "node_modules/@standardserver/fastify": {
      "version": "0.7.1",
      "resolved": "https://registry.npmjs.org/@standardserver/fastify/-/fastify-0.7.1.tgz",
      "integrity": "sha512-Oa+ttR0CyNkFjNczs2dO/WFFeZ4sAszVBKIOhKb1FFcDtD9VdqDgMBhbQ4sFR885fwpYckoYjFU6xXWWTueBlw==",
      "license": "MIT",
      "dependencies": {
        "@standardserver/core": "0.7.1",
        "@standardserver/node": "0.7.1"
      },
      "peerDependencies": {
        "fastify": ">=5.6.1"
      },
      "peerDependenciesMeta": {
        "fastify": {
          "optional": true
        }
      }
    },
    "node_modules/@standardserver/fetch": {
      "version": "0.7.1",
      "resolved": "https://registry.npmjs.org/@standardserver/fetch/-/fetch-0.7.1.tgz",
      "integrity": "sha512-BeiAWESedv0woYpoBHCnq2Y3xLZZ3voFahdzpFd+HqLyenXIL4XX3z7/WgWNQnf+WsSQrK6HzBkDWCicCXVoKQ==",
      "license": "MIT",
      "dependencies": {
        "@standardserver/core": "0.7.1",
        "@standardserver/shared": "0.7.1"
      }
    },
    "node_modules/@standardserver/node": {
      "version": "0.7.1",
      "resolved": "https://registry.npmjs.org/@standardserver/node/-/node-0.7.1.tgz",
      "integrity": "sha512-Ikc07cGBTJ8tJgPd1OanNKVNpijcbixB1iKk0GdL/b1vkYbriGgNW3oHvbApM7+XqeCeNHj5XawHk6q90mwEEA==",
      "license": "MIT",
      "dependencies": {
        "@standardserver/core": "0.7.1",
        "@standardserver/fetch": "0.7.1",
        "@standardserver/shared": "0.7.1"
      }
    },
    "node_modules/@standardserver/peer": {
      "version": "0.7.1",
      "resolved": "https://registry.npmjs.org/@standardserver/peer/-/peer-0.7.1.tgz",
      "integrity": "sha512-ggqPbwz4X4GIziQgoyCTDHFw9nM9YuEvlSpO21pfoXLYF80ijtpN/iq4P0zKpb4kcXnBoSVDRUSnBJSZi0SJDg==",
      "license": "MIT",
      "dependencies": {
        "@standardserver/core": "0.7.1",
        "@standardserver/shared": "0.7.1"
      }
    },
    "node_modules/@standardserver/shared": {
      "version": "0.7.1",
      "resolved": "https://registry.npmjs.org/@standardserver/shared/-/shared-0.7.1.tgz",
      "integrity": "sha512-tBDheI3Me1gQEKPU+XhcCZ6/njmkKgJhA5rhi1/m6GauGhHq87UuVslDNc8qB+T/xsxVch/qETFhssEWO9c6BA==",
      "license": "MIT"
    },
    "node_modules/@tanstack/query-core": {
      "version": "5.101.4",
      "resolved": "https://registry.npmjs.org/@tanstack/query-core/-/query-core-5.101.4.tgz",
      "integrity": "sha512-gNwcvOJcRbLWPOLG/2OBm+zM+Yv+MKsXKEOWC57USuZDEsI71hEErQsiEGx5wX9rzWWkfwM0fVSPoiIFSsxfiw==",
      "license": "MIT",
      "peer": true,
      "funding": {
        "type": "github",
        "url": "https://github.com/sponsors/tannerlinsley"
      }
    },
    "node_modules/cookie": {
      "version": "2.0.1",
      "resolved": "https://registry.npmjs.org/cookie/-/cookie-2.0.1.tgz",
      "integrity": "sha512-yuToqVvRrj6pfDXREyQAAv8SkAEk/8GS3jQRTiUMm66TVtBYmqQeoEjL2Lmq8Rpo6271vH76InTChTitEAm65w==",
      "license": "MIT",
      "engines": {
        "node": ">=22"
      },
      "funding": {
        "type": "opencollective",
        "url": "https://opencollective.com/express"
      }
    },
    "node_modules/hono": {
      "version": "4.13.1",
      "resolved": "https://registry.npmjs.org/hono/-/hono-4.13.1.tgz",
      "integrity": "sha512-kdJoFVv2xmayw6cY09H7AbMJMt8Jn5jdlEdXsP7AGBdF2DIptVlKlOLKXP41yPip4/a3yQPv9gVcJYI8YY04dw==",
      "license": "MIT",
      "engines": {
        "node": ">=16.9.0"
      }
    },
    "node_modules/json-schema-typed": {
      "version": "8.0.2",
      "resolved": "https://registry.npmjs.org/json-schema-typed/-/json-schema-typed-8.0.2.tgz",
      "integrity": "sha512-fQhoXdcvc3V28x7C7BMs4P5+kNlgUURe2jmUT1T//oBRMDrqy1QPelJimwZGo7Hg9VPV3EQV5Bnq4hbFy2vetA==",
      "license": "BSD-2-Clause"
    },
    "node_modules/radash": {
      "version": "12.1.1",
      "resolved": "https://registry.npmjs.org/radash/-/radash-12.1.1.tgz",
      "integrity": "sha512-h36JMxKRqrAxVD8201FrCpyeNuUY9Y5zZwujr20fFO77tpUtGa6EZzfKw/3WaiBX95fq7+MpsuMLNdSnORAwSA==",
      "license": "MIT",
      "engines": {
        "node": ">=14.18.0"
      }
    },
    "node_modules/rou3": {
      "version": "0.9.1",
      "resolved": "https://registry.npmjs.org/rou3/-/rou3-0.9.1.tgz",
      "integrity": "sha512-z/sSmzvtwMDDnxsPVhfWMuG6F6mbmhFDXoVqLmMfbpDD9qfV3GDmSQpf0+W296/ZDIpW2wcMmBfpVFzcnOi/nA==",
      "license": "MIT"
    },
    "node_modules/tagged-tag": {
      "version": "1.0.0",
      "resolved": "https://registry.npmjs.org/tagged-tag/-/tagged-tag-1.0.0.tgz",
      "integrity": "sha512-yEFYrVhod+hdNyx7g5Bnkkb0G6si8HJurOoOEgC8B/O0uXLHlaey/65KRv6cuWBNhBgHKAROVpc7QyYqE5gFng==",
      "license": "MIT",
      "engines": {
        "node": ">=20"
      },
      "funding": {
        "url": "https://github.com/sponsors/sindresorhus"
      }
    },
    "node_modules/type-fest": {
      "version": "5.8.0",
      "resolved": "https://registry.npmjs.org/type-fest/-/type-fest-5.8.0.tgz",
      "integrity": "sha512-YGYEVz3Fm5iy/AybuA0oyNFq7H4CgQNfRp/qfe8nurE1kuCeNm3/vfm9X4Mtl+qLyaKJUh5xrFZwogr41SMjYA==",
      "license": "(MIT OR CC0-1.0)",
      "dependencies": {
        "tagged-tag": "^1.0.0"
      },
      "engines": {
        "node": ">=20"
      },
      "funding": {
        "url": "https://github.com/sponsors/sindresorhus"
      }
    },
    "node_modules/zod": {
      "version": "4.4.3",
      "resolved": "https://registry.npmjs.org/zod/-/zod-4.4.3.tgz",
      "integrity": "sha512-ytENFjIJFl2UwYglde2jchW2Hwm4GJFLDiSXWdTrJQBIN9Fcyp7n4DhxJEiWNAJMV1/BqWfW/kkg71UDcHJyTQ==",
      "license": "MIT",
      "peer": true,
      "funding": {
        "url": "https://github.com/sponsors/colinhacks"
      }
    }
  }
}
